
Microsoft Visual Studio Solution File, Format Version 9.00
# Visual Studio 2005
Project("{FAE04EC0-301F-11D3-BF4B-00C04F79EFBC}") = "ExternalMergeSort", "ExternalMergeSort\ExternalMergeSort.csproj", "{C8F8B121-760C-46A6-9F15-91F8CB3DAAE3}"
EndProject
Global
	GlobalSection(SolutionConfigurationPlatforms) = preSolution
		Debug|Any CPU = Debug|Any CPU
		Release|Any CPU = Release|Any CPU
	EndGlobalSection
	GlobalSection(ProjectConfigurationPlatforms) = postSolution
		{C8F8B121-760C-46A6-9F15-91F8CB3DAAE3}.Debug|Any CPU.ActiveCfg = Debug|Any CPU
		{C8F8B121-760C-46A6-9F15-91F8CB3DAAE3}.Debug|Any CPU.Build.0 = Debug|Any CPU
		{C8F8B121-760C-46A6-9F15-91F8CB3DAAE3}.Release|Any CPU.ActiveCfg = Release|Any CPU
		{C8F8B121-760C-46A6-9F15-91F8CB3DAAE3}.Release|Any CPU.Build.0 = Release|Any CPU
	EndGlobalSection
	GlobalSection(SolutionProperties) = preSolution
		HideSolutionNode = FALSE
	EndGlobalSection
EndGlobal
